
Microsoft Visual Studio Solution File, Format Version 12.00
# Visual Studio Version 17
VisualStudioVersion = 17.0.31903.59
MinimumVisualStudioVersion = 10.0.40219.1
Project("{2150E333-8FDC-42A3-9474-1A3956D46DE8}") = "src", "src", "{827E0CD3-B72D-47B6-A68D-7590B98EB39B}"
EndProject
Project("{FAE04EC0-301F-11D3-BF4B-00C04F79EFBC}") = "AutomaticTestPrinting.App", "src\AutomaticTestPrinting.App\AutomaticTestPrinting.App.csproj", "{96636CDC-28FA-4504-981C-0E3CFDDD02CC}"
EndProject
Project("{FAE04EC0-301F-11D3-BF4B-00C04F79EFBC}") = "AutomaticTestPrinting.Core", "src\AutomaticTestPrinting.Core\AutomaticTestPrinting.Core.csproj", "{1D099886-51D5-4B30-ADF4-AB0DFD458F82}"
EndProject
Project("{2150E333-8FDC-42A3-9474-1A3956D46DE8}") = "tests", "tests", "{0AB3BF05-4346-4AA6-1389-037BE0695223}"
EndProject
Project("{FAE04EC0-301F-11D3-BF4B-00C04F79EFBC}") = "AutomaticTestPrinting.Core.Tests", "tests\AutomaticTestPrinting.Core.Tests\AutomaticTestPrinting.Core.Tests.csproj", "{97DBBD99-7492-460F-AE46-7A3B0964C0BC}"
EndProject
Global
	GlobalSection(SolutionConfigurationPlatforms) = preSolution
		Debug|Any CPU = Debug|Any CPU
		Debug|x64 = Debug|x64
		Debug|x86 = Debug|x86
		Release|Any CPU = Release|Any CPU
		Release|x64 = Release|x64
		Release|x86 = Release|x86
	EndGlobalSection
	GlobalSection(ProjectConfigurationPlatforms) = postSolution
		{96636CDC-28FA-4504-981C-0E3CFDDD02CC}.Debug|Any CPU.ActiveCfg = Debug|Any CPU
		{96636CDC-28FA-4504-981C-0E3CFDDD02CC}.Debug|Any CPU.Build.0 = Debug|Any CPU
		{96636CDC-28FA-4504-981C-0E3CFDDD02CC}.Debug|x64.ActiveCfg = Debug|Any CPU
		{96636CDC-28FA-4504-981C-0E3CFDDD02CC}.Debug|x64.Build.0 = Debug|Any CPU
		{96636CDC-28FA-4504-981C-0E3CFDDD02CC}.Debug|x86.ActiveCfg = Debug|Any CPU
		{96636CDC-28FA-4504-981C-0E3CFDDD02CC}.Debug|x86.Build.0 = Debug|Any CPU
		{96636CDC-28FA-4504-981C-0E3CFDDD02CC}.Release|Any CPU.ActiveCfg = Release|Any CPU
		{96636CDC-28FA-4504-981C-0E3CFDDD02CC}.Release|Any CPU.Build.0 = Release|Any CPU
		{96636CDC-28FA-4504-981C-0E3CFDDD02CC}.Release|x64.ActiveCfg = Release|Any CPU
		{96636CDC-28FA-4504-981C-0E3CFDDD02CC}.Release|x64.Build.0 = Release|Any CPU
		{96636CDC-28FA-4504-981C-0E3CFDDD02CC}.Release|x86.ActiveCfg = Release|Any CPU
		{96636CDC-28FA-4504-981C-0E3CFDDD02CC}.Release|x86.Build.0 = Release|Any CPU
		{1D099886-51D5-4B30-ADF4-AB0DFD458F82}.Debug|Any CPU.ActiveCfg = Debug|Any CPU
		{1D099886-51D5-4B30-ADF4-AB0DFD458F82}.Debug|Any CPU.Build.0 = Debug|Any CPU
		{1D099886-51D5-4B30-ADF4-AB0DFD458F82}.Debug|x64.ActiveCfg = Debug|Any CPU
		{1D099886-51D5-4B30-ADF4-AB0DFD458F82}.Debug|x64.Build.0 = Debug|Any CPU
		{1D099886-51D5-4B30-ADF4-AB0DFD458F82}.Debug|x86.ActiveCfg = Debug|Any CPU
		{1D099886-51D5-4B30-ADF4-AB0DFD458F82}.Debug|x86.Build.0 = Debug|Any CPU
		{1D099886-51D5-4B30-ADF4-AB0DFD458F82}.Release|Any CPU.ActiveCfg = Release|Any CPU
		{1D099886-51D5-4B30-ADF4-AB0DFD458F82}.Release|Any CPU.Build.0 = Release|Any CPU
		{1D099886-51D5-4B30-ADF4-AB0DFD458F82}.Release|x64.ActiveCfg = Release|Any CPU
		{1D099886-51D5-4B30-ADF4-AB0DFD458F82}.Release|x64.Build.0 = Release|Any CPU
		{1D099886-51D5-4B30-ADF4-AB0DFD458F82}.Release|x86.ActiveCfg = Release|Any CPU
		{1D099886-51D5-4B30-ADF4-AB0DFD458F82}.Release|x86.Build.0 = Release|Any CPU
		{97DBBD99-7492-460F-AE46-7A3B0964C0BC}.Debug|Any CPU.ActiveCfg = Debug|Any CPU
		{97DBBD99-7492-460F-AE46-7A3B0964C0BC}.Debug|Any CPU.Build.0 = Debug|Any CPU
		{97DBBD99-7492-460F-AE46-7A3B0964C0BC}.Debug|x64.ActiveCfg = Debug|Any CPU
		{97DBBD99-7492-460F-AE46-7A3B0964C0BC}.Debug|x64.Build.0 = Debug|Any CPU
		{97DBBD99-7492-460F-AE46-7A3B0964C0BC}.Debug|x86.ActiveCfg = Debug|Any CPU
		{97DBBD99-7492-460F-AE46-7A3B0964C0BC}.Debug|x86.Build.0 = Debug|Any CPU
		{97DBBD99-7492-460F-AE46-7A3B0964C0BC}.Release|Any CPU.ActiveCfg = Release|Any CPU
		{97DBBD99-7492-460F-AE46-7A3B0964C0BC}.Release|Any CPU.Build.0 = Release|Any CPU
		{97DBBD99-7492-460F-AE46-7A3B0964C0BC}.Release|x64.ActiveCfg = Release|Any CPU
		{97DBBD99-7492-460F-AE46-7A3B0964C0BC}.Release|x64.Build.0 = Release|Any CPU
		{97DBBD99-7492-460F-AE46-7A3B0964C0BC}.Release|x86.ActiveCfg = Release|Any CPU
		{97DBBD99-7492-460F-AE46-7A3B0964C0BC}.Release|x86.Build.0 = Release|Any CPU
	EndGlobalSection
	GlobalSection(SolutionProperties) = preSolution
		HideSolutionNode = FALSE
	EndGlobalSection
	GlobalSection(NestedProjects) = preSolution
		{96636CDC-28FA-4504-981C-0E3CFDDD02CC} = {827E0CD3-B72D-47B6-A68D-7590B98EB39B}
		{1D099886-51D5-4B30-ADF4-AB0DFD458F82} = {827E0CD3-B72D-47B6-A68D-7590B98EB39B}
		{97DBBD99-7492-460F-AE46-7A3B0964C0BC} = {0AB3BF05-4346-4AA6-1389-037BE0695223}
	EndGlobalSection
EndGlobal
